<?xml version="1.0" encoding="utf-8"?>
<Project ToolsVersion="17.0" xmlns="http://schemas.microsoft.com/developer/msbuild/2003">
  <ItemGroup>
    <CustomBuild Include="F:\project\VLR_WF\build2\CMakeFiles\838befe5a9d2d727e7c9e6090d0f2be0\INSTALL_force.rule">
      <Filter>CMake Rules</Filter>
    </CustomBuild>
  </ItemGroup>
  <ItemGroup>
    <Filter Include="CMake Rules">
      <UniqueIdentifier>{78A78D9A-3ED4-3272-8412-9ED44A5D336C}</UniqueIdentifier>
    </Filter>
  </ItemGroup>
</Project>
