
Microsoft Visual Studio Solution File, Format Version 12.00
# Visual Studio Version 17
Project("{8BC9CEB8-8B4A-11D0-8D11-00A0C91BC942}") = "ALL_BUILD", "ALL_BUILD.vcxproj", "{E6DDA65B-F0D1-3C17-B095-24A613830853}"
	ProjectSection(ProjectDependencies) = postProject
		{DDC4336B-F090-3B4F-98B5-96D801105EF1} = {DDC4336B-F090-3B4F-98B5-96D801105EF1}
		{E6EC4CB4-4BCC-3322-BCDF-FBB56B002DA6} = {E6EC4CB4-4BCC-3322-BCDF-FBB56B002DA6}
		{2DD1E238-7A49-32F3-B25F-B09DFFFD7CAB} = {2DD1E238-7A49-32F3-B25F-B09DFFFD7CAB}
		{2D5A508F-30C2-3094-A36C-98F5C5F5BFBC} = {2D5A508F-30C2-3094-A36C-98F5C5F5BFBC}
	EndProjectSection
EndProject
Project("{8BC9CEB8-8B4A-11D0-8D11-00A0C91BC942}") = "INSTALL", "INSTALL.vcxproj", "{DC4F6C5E-BACC-3642-A5C2-E604DD4BED21}"
	ProjectSection(ProjectDependencies) = postProject
		{E6DDA65B-F0D1-3C17-B095-24A613830853} = {E6DDA65B-F0D1-3C17-B095-24A613830853}
		{E6EC4CB4-4BCC-3322-BCDF-FBB56B002DA6} = {E6EC4CB4-4BCC-3322-BCDF-FBB56B002DA6}
	EndProjectSection
EndProject
Project("{8BC9CEB8-8B4A-11D0-8D11-00A0C91BC942}") = "VLR", "libVLR\VLR.vcxproj", "{DDC4336B-F090-3B4F-98B5-96D801105EF1}"
	ProjectSection(ProjectDependencies) = postProject
		{E6EC4CB4-4BCC-3322-BCDF-FBB56B002DA6} = {E6EC4CB4-4BCC-3322-BCDF-FBB56B002DA6}
		{2D5A508F-30C2-3094-A36C-98F5C5F5BFBC} = {2D5A508F-30C2-3094-A36C-98F5C5F5BFBC}
	EndProjectSection
EndProject
Project("{8BC9CEB8-8B4A-11D0-8D11-00A0C91BC942}") = "ZERO_CHECK", "ZERO_CHECK.vcxproj", "{E6EC4CB4-4BCC-3322-BCDF-FBB56B002DA6}"
	ProjectSection(ProjectDependencies) = postProject
	EndProjectSection
EndProject
Project("{8BC9CEB8-8B4A-11D0-8D11-00A0C91BC942}") = "simple_render_test", "simple_render_test.vcxproj", "{2DD1E238-7A49-32F3-B25F-B09DFFFD7CAB}"
	ProjectSection(ProjectDependencies) = postProject
		{DDC4336B-F090-3B4F-98B5-96D801105EF1} = {DDC4336B-F090-3B4F-98B5-96D801105EF1}
		{E6EC4CB4-4BCC-3322-BCDF-FBB56B002DA6} = {E6EC4CB4-4BCC-3322-BCDF-FBB56B002DA6}
	EndProjectSection
EndProject
Project("{8BC9CEB8-8B4A-11D0-8D11-00A0C91BC942}") = "wavefront_trace_rays_ptx", "libVLR\wavefront_trace_rays_ptx.vcxproj", "{2D5A508F-30C2-3094-A36C-98F5C5F5BFBC}"
	ProjectSection(ProjectDependencies) = postProject
		{E6EC4CB4-4BCC-3322-BCDF-FBB56B002DA6} = {E6EC4CB4-4BCC-3322-BCDF-FBB56B002DA6}
	EndProjectSection
EndProject
Global
	GlobalSection(SolutionConfigurationPlatforms) = preSolution
		Debug|x64 = Debug|x64
		Release|x64 = Release|x64
		MinSizeRel|x64 = MinSizeRel|x64
		RelWithDebInfo|x64 = RelWithDebInfo|x64
	EndGlobalSection
	GlobalSection(ProjectConfigurationPlatforms) = postSolution
		{E6DDA65B-F0D1-3C17-B095-24A613830853}.Debug|x64.ActiveCfg = Debug|x64
		{E6DDA65B-F0D1-3C17-B095-24A613830853}.Debug|x64.Build.0 = Debug|x64
		{E6DDA65B-F0D1-3C17-B095-24A613830853}.Release|x64.ActiveCfg = Release|x64
		{E6DDA65B-F0D1-3C17-B095-24A613830853}.Release|x64.Build.0 = Release|x64
		{E6DDA65B-F0D1-3C17-B095-24A613830853}.MinSizeRel|x64.ActiveCfg = MinSizeRel|x64
		{E6DDA65B-F0D1-3C17-B095-24A613830853}.MinSizeRel|x64.Build.0 = MinSizeRel|x64
		{E6DDA65B-F0D1-3C17-B095-24A613830853}.RelWithDebInfo|x64.ActiveCfg = RelWithDebInfo|x64
		{E6DDA65B-F0D1-3C17-B095-24A613830853}.RelWithDebInfo|x64.Build.0 = RelWithDebInfo|x64
		{DC4F6C5E-BACC-3642-A5C2-E604DD4BED21}.Debug|x64.ActiveCfg = Debug|x64
		{DC4F6C5E-BACC-3642-A5C2-E604DD4BED21}.Release|x64.ActiveCfg = Release|x64
		{DC4F6C5E-BACC-3642-A5C2-E604DD4BED21}.MinSizeRel|x64.ActiveCfg = MinSizeRel|x64
		{DC4F6C5E-BACC-3642-A5C2-E604DD4BED21}.RelWithDebInfo|x64.ActiveCfg = RelWithDebInfo|x64
		{DDC4336B-F090-3B4F-98B5-96D801105EF1}.Debug|x64.ActiveCfg = Debug|x64
		{DDC4336B-F090-3B4F-98B5-96D801105EF1}.Debug|x64.Build.0 = Debug|x64
		{DDC4336B-F090-3B4F-98B5-96D801105EF1}.Release|x64.ActiveCfg = Release|x64
		{DDC4336B-F090-3B4F-98B5-96D801105EF1}.Release|x64.Build.0 = Release|x64
		{DDC4336B-F090-3B4F-98B5-96D801105EF1}.MinSizeRel|x64.ActiveCfg = MinSizeRel|x64
		{DDC4336B-F090-3B4F-98B5-96D801105EF1}.MinSizeRel|x64.Build.0 = MinSizeRel|x64
		{DDC4336B-F090-3B4F-98B5-96D801105EF1}.RelWithDebInfo|x64.ActiveCfg = RelWithDebInfo|x64
		{DDC4336B-F090-3B4F-98B5-96D801105EF1}.RelWithDebInfo|x64.Build.0 = RelWithDebInfo|x64
		{E6EC4CB4-4BCC-3322-BCDF-FBB56B002DA6}.Debug|x64.ActiveCfg = Debug|x64
		{E6EC4CB4-4BCC-3322-BCDF-FBB56B002DA6}.Debug|x64.Build.0 = Debug|x64
		{E6EC4CB4-4BCC-3322-BCDF-FBB56B002DA6}.Release|x64.ActiveCfg = Release|x64
		{E6EC4CB4-4BCC-3322-BCDF-FBB56B002DA6}.Release|x64.Build.0 = Release|x64
		{E6EC4CB4-4BCC-3322-BCDF-FBB56B002DA6}.MinSizeRel|x64.ActiveCfg = MinSizeRel|x64
		{E6EC4CB4-4BCC-3322-BCDF-FBB56B002DA6}.MinSizeRel|x64.Build.0 = MinSizeRel|x64
		{E6EC4CB4-4BCC-3322-BCDF-FBB56B002DA6}.RelWithDebInfo|x64.ActiveCfg = RelWithDebInfo|x64
		{E6EC4CB4-4BCC-3322-BCDF-FBB56B002DA6}.RelWithDebInfo|x64.Build.0 = RelWithDebInfo|x64
		{2DD1E238-7A49-32F3-B25F-B09DFFFD7CAB}.Debug|x64.ActiveCfg = Debug|x64
		{2DD1E238-7A49-32F3-B25F-B09DFFFD7CAB}.Debug|x64.Build.0 = Debug|x64
		{2DD1E238-7A49-32F3-B25F-B09DFFFD7CAB}.Release|x64.ActiveCfg = Release|x64
		{2DD1E238-7A49-32F3-B25F-B09DFFFD7CAB}.Release|x64.Build.0 = Release|x64
		{2DD1E238-7A49-32F3-B25F-B09DFFFD7CAB}.MinSizeRel|x64.ActiveCfg = MinSizeRel|x64
		{2DD1E238-7A49-32F3-B25F-B09DFFFD7CAB}.MinSizeRel|x64.Build.0 = MinSizeRel|x64
		{2DD1E238-7A49-32F3-B25F-B09DFFFD7CAB}.RelWithDebInfo|x64.ActiveCfg = RelWithDebInfo|x64
		{2DD1E238-7A49-32F3-B25F-B09DFFFD7CAB}.RelWithDebInfo|x64.Build.0 = RelWithDebInfo|x64
		{2D5A508F-30C2-3094-A36C-98F5C5F5BFBC}.Debug|x64.ActiveCfg = Debug|x64
		{2D5A508F-30C2-3094-A36C-98F5C5F5BFBC}.Debug|x64.Build.0 = Debug|x64
		{2D5A508F-30C2-3094-A36C-98F5C5F5BFBC}.Release|x64.ActiveCfg = Release|x64
		{2D5A508F-30C2-3094-A36C-98F5C5F5BFBC}.Release|x64.Build.0 = Release|x64
		{2D5A508F-30C2-3094-A36C-98F5C5F5BFBC}.MinSizeRel|x64.ActiveCfg = MinSizeRel|x64
		{2D5A508F-30C2-3094-A36C-98F5C5F5BFBC}.MinSizeRel|x64.Build.0 = MinSizeRel|x64
		{2D5A508F-30C2-3094-A36C-98F5C5F5BFBC}.RelWithDebInfo|x64.ActiveCfg = RelWithDebInfo|x64
		{2D5A508F-30C2-3094-A36C-98F5C5F5BFBC}.RelWithDebInfo|x64.Build.0 = RelWithDebInfo|x64
	EndGlobalSection
	GlobalSection(ExtensibilityGlobals) = postSolution
		SolutionGuid = {57175667-1462-3094-BD02-DA92757ACD29}
	EndGlobalSection
	GlobalSection(ExtensibilityAddIns) = postSolution
	EndGlobalSection
EndGlobal
